{
  "name": "pan.webis.de",
  "version": "1.0.0",
  "lockfileVersion": 1,
  "requires": true,
  "dependencies": {
    "@fortawesome/fontawesome-free": {
      "version": "5.4.2",
      "resolved": "https://registry.npmjs.org/@fortawesome/fontawesome-free/-/fontawesome-free-5.5.0.tgz",
      "integrity": "sha512-p4lu0jfj5QN013ddArh99r3OXZ/fp9rbovs62LfaO70OMBsAXxtNd0lAq/97fitrscR0fqfd+/a5KNcp6Sh/0A=="
    },
    "jquery": {
      "version": "3.3.1",
      "resolved": "https://registry.npmjs.org/jquery/-/jquery-3.3.1.tgz",
      "integrity": "sha512-Ubldcmxp5np52/ENotGxlLe6aGMvmF4R8S6tZjsP6Knsaxd/xp3Zrh50cG93lR6nPXyUFwzN3ZSOQI0wRJNdGg=="
    },
    "uikit": {
      "version": "3.0.0-rc.20",
      "resolved": "https://registry.npmjs.org/uikit/-/uikit-3.0.0-rc.20.tgz",
      "integrity": "sha512-LJvZkAHa0xM8JbrRDBUR3EiAYquqjIe638XSNisVvpnBamrJkj67TFOrSLUJbHFj3akMX4F28EJp5vV5MDEdPA=="
    }
  }
}
