{
  "name": "pan.webis.de",
  "version": "1.0.0",
  "lockfileVersion": 1,
  "requires": true,
  "dependencies": {
    "@fortawesome/fontawesome-free": {
      "version": "5.4.2",
      "resolved": "https://registry.npmjs.org/@fortawesome/fontawesome-free/-/fontawesome-free-5.4.2.tgz",
      "integrity": "sha512-lpruVv/4AkKUujyzHCNJ8yOceBf7Na/pFaX52ZI/BFMCYkUEwiQ1P0viZg//+WelrNNEgvMOvCMDEDaOMZ/u1w=="
    },
    "uikit": {
      "version": "3.0.0-dev.e02d1d6",
      "resolved": "https://registry.npmjs.org/uikit/-/uikit-3.0.0-rc.20.tgz",
      "integrity": "sha512-LJvZkAHa0xM8JbrRDBUR3EiAYquqjIe638XSNisVvpnBamrJkj67TFOrSLUJbHFj3akMX4F28EJp5vV5MDEdPA=="
    }
  }
}
